
Microsoft Visual Studio Solution File, Format Version 12.00
# Visual Studio Version 16
VisualStudioVersion = 16.0.29728.190
MinimumVisualStudioVersion = 10.0.40219.1
Project("{FAE04EC0-301F-11D3-BF4B-00C04F79EFBC}") = "psHelloAzure20200211", "psHelloAzure20200211\psHelloAzure20200211.csproj", "{65F8319E-C4E4-403E-B00F-2C848103181F}"
EndProject
Global
	GlobalSection(SolutionConfigurationPlatforms) = preSolution
		Debug|Any CPU = Debug|Any CPU
		Release|Any CPU = Release|Any CPU
	EndGlobalSection
	GlobalSection(ProjectConfigurationPlatforms) = postSolution
		{65F8319E-C4E4-403E-B00F-2C848103181F}.Debug|Any CPU.ActiveCfg = Debug|Any CPU
		{65F8319E-C4E4-403E-B00F-2C848103181F}.Debug|Any CPU.Build.0 = Debug|Any CPU
		{65F8319E-C4E4-403E-B00F-2C848103181F}.Release|Any CPU.ActiveCfg = Release|Any CPU
		{65F8319E-C4E4-403E-B00F-2C848103181F}.Release|Any CPU.Build.0 = Release|Any CPU
	EndGlobalSection
	GlobalSection(SolutionProperties) = preSolution
		HideSolutionNode = FALSE
	EndGlobalSection
	GlobalSection(ExtensibilityGlobals) = postSolution
		SolutionGuid = {EA003F0F-2C5E-4600-AB1D-82A151D94699}
	EndGlobalSection
EndGlobal
